
Microsoft Visual Studio Solution File, Format Version 12.00
# Visual Studio Version 17
VisualStudioVersion = 17.0.31903.59
MinimumVisualStudioVersion = 10.0.40219.1
Project("{2150E333-8FDC-42A3-9474-1A3956D46DE8}") = "src", "src", "{827E0CD3-B72D-47B6-A68D-7590B98EB39B}"
EndProject
Project("{FAE04EC0-301F-11D3-BF4B-00C04F79EFBC}") = "Transom.Core", "src\Transom.Core\Transom.Core.csproj", "{B69B61FC-226A-4C95-A0BA-F1D54C54B8D3}"
EndProject
Project("{FAE04EC0-301F-11D3-BF4B-00C04F79EFBC}") = "Transom.App", "src\Transom.App\Transom.App.csproj", "{B8506334-DA5F-46B6-A6E9-A15BE8097421}"
EndProject
Project("{2150E333-8FDC-42A3-9474-1A3956D46DE8}") = "tests", "tests", "{0AB3BF05-4346-4AA6-1389-037BE0695223}"
EndProject
Project("{FAE04EC0-301F-11D3-BF4B-00C04F79EFBC}") = "Transom.Core.Tests", "tests\Transom.Core.Tests\Transom.Core.Tests.csproj", "{A4210279-5383-4067-8C22-0307532B2760}"
EndProject
Project("{FAE04EC0-301F-11D3-BF4B-00C04F79EFBC}") = "Transom.App.Tests", "tests\Transom.App.Tests\Transom.App.Tests.csproj", "{5F53AE71-E981-482D-9542-4AAECCBF3944}"
EndProject
Global
	GlobalSection(SolutionConfigurationPlatforms) = preSolution
		Debug|Any CPU = Debug|Any CPU
		Debug|x64 = Debug|x64
		Debug|x86 = Debug|x86
		Release|Any CPU = Release|Any CPU
		Release|x64 = Release|x64
		Release|x86 = Release|x86
	EndGlobalSection
	GlobalSection(ProjectConfigurationPlatforms) = postSolution
		{B69B61FC-226A-4C95-A0BA-F1D54C54B8D3}.Debug|Any CPU.ActiveCfg = Debug|Any CPU
		{B69B61FC-226A-4C95-A0BA-F1D54C54B8D3}.Debug|Any CPU.Build.0 = Debug|Any CPU
		{B69B61FC-226A-4C95-A0BA-F1D54C54B8D3}.Debug|x64.ActiveCfg = Debug|Any CPU
		{B69B61FC-226A-4C95-A0BA-F1D54C54B8D3}.Debug|x64.Build.0 = Debug|Any CPU
		{B69B61FC-226A-4C95-A0BA-F1D54C54B8D3}.Debug|x86.ActiveCfg = Debug|Any CPU
		{B69B61FC-226A-4C95-A0BA-F1D54C54B8D3}.Debug|x86.Build.0 = Debug|Any CPU
		{B69B61FC-226A-4C95-A0BA-F1D54C54B8D3}.Release|Any CPU.ActiveCfg = Release|Any CPU
		{B69B61FC-226A-4C95-A0BA-F1D54C54B8D3}.Release|Any CPU.Build.0 = Release|Any CPU
		{B69B61FC-226A-4C95-A0BA-F1D54C54B8D3}.Release|x64.ActiveCfg = Release|Any CPU
		{B69B61FC-226A-4C95-A0BA-F1D54C54B8D3}.Release|x64.Build.0 = Release|Any CPU
		{B69B61FC-226A-4C95-A0BA-F1D54C54B8D3}.Release|x86.ActiveCfg = Release|Any CPU
		{B69B61FC-226A-4C95-A0BA-F1D54C54B8D3}.Release|x86.Build.0 = Release|Any CPU
		{B8506334-DA5F-46B6-A6E9-A15BE8097421}.Debug|Any CPU.ActiveCfg = Debug|x86
		{B8506334-DA5F-46B6-A6E9-A15BE8097421}.Debug|Any CPU.Build.0 = Debug|x86
		{B8506334-DA5F-46B6-A6E9-A15BE8097421}.Debug|Any CPU.Deploy.0 = Debug|x86
		{B8506334-DA5F-46B6-A6E9-A15BE8097421}.Debug|x64.ActiveCfg = Debug|x64
		{B8506334-DA5F-46B6-A6E9-A15BE8097421}.Debug|x64.Build.0 = Debug|x64
		{B8506334-DA5F-46B6-A6E9-A15BE8097421}.Debug|x64.Deploy.0 = Debug|x64
		{B8506334-DA5F-46B6-A6E9-A15BE8097421}.Debug|x86.ActiveCfg = Debug|x86
		{B8506334-DA5F-46B6-A6E9-A15BE8097421}.Debug|x86.Build.0 = Debug|x86
		{B8506334-DA5F-46B6-A6E9-A15BE8097421}.Debug|x86.Deploy.0 = Debug|x86
		{B8506334-DA5F-46B6-A6E9-A15BE8097421}.Release|Any CPU.ActiveCfg = Release|x86
		{B8506334-DA5F-46B6-A6E9-A15BE8097421}.Release|Any CPU.Build.0 = Release|x86
		{B8506334-DA5F-46B6-A6E9-A15BE8097421}.Release|Any CPU.Deploy.0 = Release|x86
		{B8506334-DA5F-46B6-A6E9-A15BE8097421}.Release|x64.ActiveCfg = Release|x64
		{B8506334-DA5F-46B6-A6E9-A15BE8097421}.Release|x64.Build.0 = Release|x64
		{B8506334-DA5F-46B6-A6E9-A15BE8097421}.Release|x64.Deploy.0 = Release|x64
		{B8506334-DA5F-46B6-A6E9-A15BE8097421}.Release|x86.ActiveCfg = Release|x86
		{B8506334-DA5F-46B6-A6E9-A15BE8097421}.Release|x86.Build.0 = Release|x86
		{B8506334-DA5F-46B6-A6E9-A15BE8097421}.Release|x86.Deploy.0 = Release|x86
		{A4210279-5383-4067-8C22-0307532B2760}.Debug|Any CPU.ActiveCfg = Debug|Any CPU
		{A4210279-5383-4067-8C22-0307532B2760}.Debug|Any CPU.Build.0 = Debug|Any CPU
		{A4210279-5383-4067-8C22-0307532B2760}.Debug|x64.ActiveCfg = Debug|Any CPU
		{A4210279-5383-4067-8C22-0307532B2760}.Debug|x64.Build.0 = Debug|Any CPU
		{A4210279-5383-4067-8C22-0307532B2760}.Debug|x86.ActiveCfg = Debug|Any CPU
		{A4210279-5383-4067-8C22-0307532B2760}.Debug|x86.Build.0 = Debug|Any CPU
		{A4210279-5383-4067-8C22-0307532B2760}.Release|Any CPU.ActiveCfg = Release|Any CPU
		{A4210279-5383-4067-8C22-0307532B2760}.Release|Any CPU.Build.0 = Release|Any CPU
		{A4210279-5383-4067-8C22-0307532B2760}.Release|x64.ActiveCfg = Release|Any CPU
		{A4210279-5383-4067-8C22-0307532B2760}.Release|x64.Build.0 = Release|Any CPU
		{A4210279-5383-4067-8C22-0307532B2760}.Release|x86.ActiveCfg = Release|Any CPU
		{A4210279-5383-4067-8C22-0307532B2760}.Release|x86.Build.0 = Release|Any CPU
		{5F53AE71-E981-482D-9542-4AAECCBF3944}.Debug|Any CPU.ActiveCfg = Debug|x86
		{5F53AE71-E981-482D-9542-4AAECCBF3944}.Debug|Any CPU.Build.0 = Debug|x86
		{5F53AE71-E981-482D-9542-4AAECCBF3944}.Debug|x64.ActiveCfg = Debug|x64
		{5F53AE71-E981-482D-9542-4AAECCBF3944}.Debug|x64.Build.0 = Debug|x64
		{5F53AE71-E981-482D-9542-4AAECCBF3944}.Debug|x86.ActiveCfg = Debug|x86
		{5F53AE71-E981-482D-9542-4AAECCBF3944}.Debug|x86.Build.0 = Debug|x86
		{5F53AE71-E981-482D-9542-4AAECCBF3944}.Release|Any CPU.ActiveCfg = Release|x86
		{5F53AE71-E981-482D-9542-4AAECCBF3944}.Release|Any CPU.Build.0 = Release|x86
		{5F53AE71-E981-482D-9542-4AAECCBF3944}.Release|x64.ActiveCfg = Release|x64
		{5F53AE71-E981-482D-9542-4AAECCBF3944}.Release|x64.Build.0 = Release|x64
		{5F53AE71-E981-482D-9542-4AAECCBF3944}.Release|x86.ActiveCfg = Release|x86
		{5F53AE71-E981-482D-9542-4AAECCBF3944}.Release|x86.Build.0 = Release|x86
	EndGlobalSection
	GlobalSection(SolutionProperties) = preSolution
		HideSolutionNode = FALSE
	EndGlobalSection
	GlobalSection(NestedProjects) = preSolution
		{B69B61FC-226A-4C95-A0BA-F1D54C54B8D3} = {827E0CD3-B72D-47B6-A68D-7590B98EB39B}
		{B8506334-DA5F-46B6-A6E9-A15BE8097421} = {827E0CD3-B72D-47B6-A68D-7590B98EB39B}
		{A4210279-5383-4067-8C22-0307532B2760} = {0AB3BF05-4346-4AA6-1389-037BE0695223}
		{5F53AE71-E981-482D-9542-4AAECCBF3944} = {0AB3BF05-4346-4AA6-1389-037BE0695223}
	EndGlobalSection
EndGlobal
